
Microsoft Visual Studio Solution File, Format Version 12.00
# Visual Studio Version 16
VisualStudioVersion = 16.0.29806.167
MinimumVisualStudioVersion = 10.0.40219.1
Project("{FAE04EC0-301F-11D3-BF4B-00C04F79EFBC}") = "Unity.Mathematics", "Unity.Mathematics\Unity.Mathematics.csproj", "{19810344-7387-4155-935F-BDD5CC61F0BF}"
EndProject
Project("{FAE04EC0-301F-11D3-BF4B-00C04F79EFBC}") = "Unity.Mathematics.CodeGen", "Unity.Mathematics.CodeGen\Unity.Mathematics.CodeGen.csproj", "{293EBCD6-CACD-4DA8-A518-FBC629268C0F}"
EndProject
Project("{2150E333-8FDC-42A3-9474-1A3956D46DE8}") = "General", "General", "{B11ECCE1-1A78-40B2-956F-CBE615FF5DF9}"
	ProjectSection(SolutionItems) = preProject
		CHANGELOG.md = CHANGELOG.md
		package.json = package.json
		..\readme.md = ..\readme.md
	EndProjectSection
EndProject
Project("{FAE04EC0-301F-11D3-BF4B-00C04F79EFBC}") = "Unity.Mathematics.Tests", "Tests\Unity.Mathematics.Tests.csproj", "{2E7C74D3-42F1-482F-8BB7-E199D9E3B412}"
EndProject
Global
	GlobalSection(SolutionConfigurationPlatforms) = preSolution
		Debug|Any CPU = Debug|Any CPU
		Debug|x64 = Debug|x64
		Debug|x86 = Debug|x86
		Release|Any CPU = Release|Any CPU
		Release|x64 = Release|x64
		Release|x86 = Release|x86
	EndGlobalSection
	GlobalSection(ProjectConfigurationPlatforms) = postSolution
		{19810344-7387-4155-935F-BDD5CC61F0BF}.Debug|Any CPU.ActiveCfg = Debug|Any CPU
		{19810344-7387-4155-935F-BDD5CC61F0BF}.Debug|Any CPU.Build.0 = Debug|Any CPU
		{19810344-7387-4155-935F-BDD5CC61F0BF}.Debug|x64.ActiveCfg = Debug|x64
		{19810344-7387-4155-935F-BDD5CC61F0BF}.Debug|x64.Build.0 = Debug|x64
		{19810344-7387-4155-935F-BDD5CC61F0BF}.Debug|x86.ActiveCfg = Debug|Any CPU
		{19810344-7387-4155-935F-BDD5CC61F0BF}.Debug|x86.Build.0 = Debug|Any CPU
		{19810344-7387-4155-935F-BDD5CC61F0BF}.Release|Any CPU.ActiveCfg = Release|Any CPU
		{19810344-7387-4155-935F-BDD5CC61F0BF}.Release|Any CPU.Build.0 = Release|Any CPU
		{19810344-7387-4155-935F-BDD5CC61F0BF}.Release|x64.ActiveCfg = Release|x64
		{19810344-7387-4155-935F-BDD5CC61F0BF}.Release|x64.Build.0 = Release|x64
		{19810344-7387-4155-935F-BDD5CC61F0BF}.Release|x86.ActiveCfg = Release|Any CPU
		{19810344-7387-4155-935F-BDD5CC61F0BF}.Release|x86.Build.0 = Release|Any CPU
		{293EBCD6-CACD-4DA8-A518-FBC629268C0F}.Debug|Any CPU.ActiveCfg = Debug|Any CPU
		{293EBCD6-CACD-4DA8-A518-FBC629268C0F}.Debug|Any CPU.Build.0 = Debug|Any CPU
		{293EBCD6-CACD-4DA8-A518-FBC629268C0F}.Debug|x64.ActiveCfg = Debug|Any CPU
		{293EBCD6-CACD-4DA8-A518-FBC629268C0F}.Debug|x64.Build.0 = Debug|Any CPU
		{293EBCD6-CACD-4DA8-A518-FBC629268C0F}.Debug|x86.ActiveCfg = Debug|Any CPU
		{293EBCD6-CACD-4DA8-A518-FBC629268C0F}.Debug|x86.Build.0 = Debug|Any CPU
		{293EBCD6-CACD-4DA8-A518-FBC629268C0F}.Release|Any CPU.ActiveCfg = Release|Any CPU
		{293EBCD6-CACD-4DA8-A518-FBC629268C0F}.Release|Any CPU.Build.0 = Release|Any CPU
		{293EBCD6-CACD-4DA8-A518-FBC629268C0F}.Release|x64.ActiveCfg = Release|Any CPU
		{293EBCD6-CACD-4DA8-A518-FBC629268C0F}.Release|x64.Build.0 = Release|Any CPU
		{293EBCD6-CACD-4DA8-A518-FBC629268C0F}.Release|x86.ActiveCfg = Release|Any CPU
		{293EBCD6-CACD-4DA8-A518-FBC629268C0F}.Release|x86.Build.0 = Release|Any CPU
		{2E7C74D3-42F1-482F-8BB7-E199D9E3B412}.Debug|Any CPU.ActiveCfg = Debug|Any CPU
		{2E7C74D3-42F1-482F-8BB7-E199D9E3B412}.Debug|Any CPU.Build.0 = Debug|Any CPU
		{2E7C74D3-42F1-482F-8BB7-E199D9E3B412}.Debug|x64.ActiveCfg = Debug|Any CPU
		{2E7C74D3-42F1-482F-8BB7-E199D9E3B412}.Debug|x64.Build.0 = Debug|Any CPU
		{2E7C74D3-42F1-482F-8BB7-E199D9E3B412}.Debug|x86.ActiveCfg = Debug|Any CPU
		{2E7C74D3-42F1-482F-8BB7-E199D9E3B412}.Debug|x86.Build.0 = Debug|Any CPU
		{2E7C74D3-42F1-482F-8BB7-E199D9E3B412}.Release|Any CPU.ActiveCfg = Release|Any CPU
		{2E7C74D3-42F1-482F-8BB7-E199D9E3B412}.Release|Any CPU.Build.0 = Release|Any CPU
		{2E7C74D3-42F1-482F-8BB7-E199D9E3B412}.Release|x64.ActiveCfg = Release|Any CPU
		{2E7C74D3-42F1-482F-8BB7-E199D9E3B412}.Release|x64.Build.0 = Release|Any CPU
		{2E7C74D3-42F1-482F-8BB7-E199D9E3B412}.Release|x86.ActiveCfg = Release|Any CPU
		{2E7C74D3-42F1-482F-8BB7-E199D9E3B412}.Release|x86.Build.0 = Release|Any CPU
	EndGlobalSection
	GlobalSection(SolutionProperties) = preSolution
		HideSolutionNode = FALSE
	EndGlobalSection
	GlobalSection(ExtensibilityGlobals) = postSolution
		SolutionGuid = {644285FA-DECE-4BCC-8345-3DA015012412}
	EndGlobalSection
EndGlobal
