
Microsoft Visual Studio Solution File, Format Version 12.00
# Visual Studio 14
VisualStudioVersion = 14.0.25420.1
MinimumVisualStudioVersion = 10.0.40219.1
Project("{FAE04EC0-301F-11D3-BF4B-00C04F79EFBC}") = "UnityEngine.Mathematics", "UnityEngine.Mathematics\UnityEngine.Mathematics.csproj", "{19810344-7387-4155-935F-BDD5CC61F0BF}"
EndProject
Project("{FAE04EC0-301F-11D3-BF4B-00C04F79EFBC}") = "UnityEngine.Mathematics.CodeGen", "UnityEngine.Mathematics.CodeGen\UnityEngine.Mathematics.CodeGen.csproj", "{293EBCD6-CACD-4DA8-A518-FBC629268C0F}"
EndProject
Project("{2150E333-8FDC-42A3-9474-1A3956D46DE8}") = "General", "General", "{B11ECCE1-1A78-40B2-956F-CBE615FF5DF9}"
	ProjectSection(SolutionItems) = preProject
		..\readme.md = ..\readme.md
	EndProjectSection
EndProject
Global
	GlobalSection(SolutionConfigurationPlatforms) = preSolution
		Debug|Any CPU = Debug|Any CPU
		Debug|x64 = Debug|x64
		Release|Any CPU = Release|Any CPU
		Release|x64 = Release|x64
	EndGlobalSection
	GlobalSection(ProjectConfigurationPlatforms) = postSolution
		{19810344-7387-4155-935F-BDD5CC61F0BF}.Debug|Any CPU.ActiveCfg = Debug|Any CPU
		{19810344-7387-4155-935F-BDD5CC61F0BF}.Debug|Any CPU.Build.0 = Debug|Any CPU
		{19810344-7387-4155-935F-BDD5CC61F0BF}.Debug|x64.ActiveCfg = Debug|x64
		{19810344-7387-4155-935F-BDD5CC61F0BF}.Debug|x64.Build.0 = Debug|x64
		{19810344-7387-4155-935F-BDD5CC61F0BF}.Release|Any CPU.ActiveCfg = Release|Any CPU
		{19810344-7387-4155-935F-BDD5CC61F0BF}.Release|Any CPU.Build.0 = Release|Any CPU
		{19810344-7387-4155-935F-BDD5CC61F0BF}.Release|x64.ActiveCfg = Release|x64
		{19810344-7387-4155-935F-BDD5CC61F0BF}.Release|x64.Build.0 = Release|x64
		{293EBCD6-CACD-4DA8-A518-FBC629268C0F}.Debug|Any CPU.ActiveCfg = Debug|Any CPU
		{293EBCD6-CACD-4DA8-A518-FBC629268C0F}.Debug|Any CPU.Build.0 = Debug|Any CPU
		{293EBCD6-CACD-4DA8-A518-FBC629268C0F}.Debug|x64.ActiveCfg = Debug|x64
		{293EBCD6-CACD-4DA8-A518-FBC629268C0F}.Debug|x64.Build.0 = Debug|x64
		{293EBCD6-CACD-4DA8-A518-FBC629268C0F}.Release|Any CPU.ActiveCfg = Release|Any CPU
		{293EBCD6-CACD-4DA8-A518-FBC629268C0F}.Release|Any CPU.Build.0 = Release|Any CPU
		{293EBCD6-CACD-4DA8-A518-FBC629268C0F}.Release|x64.ActiveCfg = Release|x64
		{293EBCD6-CACD-4DA8-A518-FBC629268C0F}.Release|x64.Build.0 = Release|x64
	EndGlobalSection
	GlobalSection(SolutionProperties) = preSolution
		HideSolutionNode = FALSE
	EndGlobalSection
EndGlobal
